
Microsoft Visual Studio Solution File, Format Version 12.00
# Visual Studio Version 16
VisualStudioVersion = 16.0.30711.63
MinimumVisualStudioVersion = 10.0.40219.1
Project("{FAE04EC0-301F-11D3-BF4B-00C04F79EFBC}") = "WebDriverBasic", "WebDriverBasic\WebDriverBasic.csproj", "{D1E58C45-4E55-4001-97D5-1573AD438304}"
EndProject
Global
	GlobalSection(SolutionConfigurationPlatforms) = preSolution
		Debug|Any CPU = Debug|Any CPU
		Release|Any CPU = Release|Any CPU
	EndGlobalSection
	GlobalSection(ProjectConfigurationPlatforms) = postSolution
		{D1E58C45-4E55-4001-97D5-1573AD438304}.Debug|Any CPU.ActiveCfg = Debug|Any CPU
		{D1E58C45-4E55-4001-97D5-1573AD438304}.Debug|Any CPU.Build.0 = Debug|Any CPU
		{D1E58C45-4E55-4001-97D5-1573AD438304}.Release|Any CPU.ActiveCfg = Release|Any CPU
		{D1E58C45-4E55-4001-97D5-1573AD438304}.Release|Any CPU.Build.0 = Release|Any CPU
	EndGlobalSection
	GlobalSection(SolutionProperties) = preSolution
		HideSolutionNode = FALSE
	EndGlobalSection
	GlobalSection(ExtensibilityGlobals) = postSolution
		SolutionGuid = {F7602383-8547-4A66-9771-B128B0EFB650}
	EndGlobalSection
EndGlobal
