
Microsoft Visual Studio Solution File, Format Version 12.00
# Visual Studio Version 16
VisualStudioVersion = 16.0.30711.63
MinimumVisualStudioVersion = 10.0.40219.1
Project("{FAE04EC0-301F-11D3-BF4B-00C04F79EFBC}") = "NUnitTestProject1", "NUnitTestProject1\NUnitTestProject1.csproj", "{F4861E8C-DF23-472D-822D-32BC21C575C8}"
EndProject
Global
	GlobalSection(SolutionConfigurationPlatforms) = preSolution
		Debug|Any CPU = Debug|Any CPU
		Release|Any CPU = Release|Any CPU
	EndGlobalSection
	GlobalSection(ProjectConfigurationPlatforms) = postSolution
		{F4861E8C-DF23-472D-822D-32BC21C575C8}.Debug|Any CPU.ActiveCfg = Debug|Any CPU
		{F4861E8C-DF23-472D-822D-32BC21C575C8}.Debug|Any CPU.Build.0 = Debug|Any CPU
		{F4861E8C-DF23-472D-822D-32BC21C575C8}.Release|Any CPU.ActiveCfg = Release|Any CPU
		{F4861E8C-DF23-472D-822D-32BC21C575C8}.Release|Any CPU.Build.0 = Release|Any CPU
	EndGlobalSection
	GlobalSection(SolutionProperties) = preSolution
		HideSolutionNode = FALSE
	EndGlobalSection
	GlobalSection(ExtensibilityGlobals) = postSolution
		SolutionGuid = {03291CC1-AABD-4566-996D-D372F7D0B32B}
	EndGlobalSection
EndGlobal
